Microsoft Visual Studio Solution File, Format Version 12.00
# Visual Studio 14
VisualStudioVersion = 14.0.25420.1
MinimumVisualStudioVersion = 10.0.40219.1
Project("{FAE04EC0-301F-11D3-BF4B-00C04F79EFBC}") = "HQ.API.SDK", "src\HQ.API.SDK\HQ.API.SDK.csproj", "{6E4F6C9B-9B00-43E9-994E-FC0B961FB403}"
EndProject
Project("{FAE04EC0-301F-11D3-BF4B-00C04F79EFBC}") = "HQ.API.SDK.Test", "src\HQ.API.SDK.Test\HQ.API.SDK.Test.csproj", "{19F1DEBC-DE5E-4517-8062-F000CD499087}"
EndProject
Project("{FAE04EC0-301F-11D3-BF4B-00C04F79EFBC}") = "HQ.API.SDK.Sample", "src\HQ.API.SDK.Sample\HQ.API.SDK.Sample.csproj", "{D489D728-1CA7-44C5-9A64-7065725F365B}"
EndProject
Global
	GlobalSection(SolutionConfigurationPlatforms) = preSolution
		Debug|Any CPU = Debug|Any CPU
		Release|Any CPU = Release|Any CPU
	EndGlobalSection
	GlobalSection(ProjectConfigurationPlatforms) = postSolution
		{6E4F6C9B-9B00-43E9-994E-FC0B961FB403}.Debug|Any CPU.ActiveCfg = Debug|Any CPU
		{6E4F6C9B-9B00-43E9-994E-FC0B961FB403}.Debug|Any CPU.Build.0 = Debug|Any CPU
		{6E4F6C9B-9B00-43E9-994E-FC0B961FB403}.Release|Any CPU.ActiveCfg = Release|Any CPU
		{6E4F6C9B-9B00-43E9-994E-FC0B961FB403}.Release|Any CPU.Build.0 = Release|Any CPU
		{19F1DEBC-DE5E-4517-8062-F000CD499087}.Debug|Any CPU.ActiveCfg = Debug|Any CPU
		{19F1DEBC-DE5E-4517-8062-F000CD499087}.Debug|Any CPU.Build.0 = Debug|Any CPU
		{19F1DEBC-DE5E-4517-8062-F000CD499087}.Release|Any CPU.ActiveCfg = Release|Any CPU
		{19F1DEBC-DE5E-4517-8062-F000CD499087}.Release|Any CPU.Build.0 = Release|Any CPU
		{D489D728-1CA7-44C5-9A64-7065725F365B}.Debug|Any CPU.ActiveCfg = Debug|Any CPU
		{D489D728-1CA7-44C5-9A64-7065725F365B}.Debug|Any CPU.Build.0 = Debug|Any CPU
		{D489D728-1CA7-44C5-9A64-7065725F365B}.Release|Any CPU.ActiveCfg = Release|Any CPU
		{D489D728-1CA7-44C5-9A64-7065725F365B}.Release|Any CPU.Build.0 = Release|Any CPU
	EndGlobalSection
	GlobalSection(SolutionProperties) = preSolution
		HideSolutionNode = FALSE
	EndGlobalSection
EndGlobal
